
Microsoft Visual Studio Solution File, Format Version 12.00
# Visual Studio Version 17
VisualStudioVersion = 17.3.32929.385
MinimumVisualStudioVersion = 10.0.40219.1
Project("{FAE04EC0-301F-11D3-BF4B-00C04F79EFBC}") = "ObsOverlays", "ObsOverlays\ObsOverlays.csproj", "{6E26EAF4-96E8-4278-94D1-0A5E80E86DA4}"
EndProject
Global
	GlobalSection(SolutionConfigurationPlatforms) = preSolution
		Debug|Any CPU = Debug|Any CPU
		Release|Any CPU = Release|Any CPU
	EndGlobalSection
	GlobalSection(ProjectConfigurationPlatforms) = postSolution
		{6E26EAF4-96E8-4278-94D1-0A5E80E86DA4}.Debug|Any CPU.ActiveCfg = Debug|Any CPU
		{6E26EAF4-96E8-4278-94D1-0A5E80E86DA4}.Debug|Any CPU.Build.0 = Debug|Any CPU
		{6E26EAF4-96E8-4278-94D1-0A5E80E86DA4}.Release|Any CPU.ActiveCfg = Release|Any CPU
		{6E26EAF4-96E8-4278-94D1-0A5E80E86DA4}.Release|Any CPU.Build.0 = Release|Any CPU
	EndGlobalSection
	GlobalSection(SolutionProperties) = preSolution
		HideSolutionNode = FALSE
	EndGlobalSection
	GlobalSection(ExtensibilityGlobals) = postSolution
		SolutionGuid = {97B5F5FF-23EC-43A1-BC3C-2986007A2236}
	EndGlobalSection
EndGlobal
